
Microsoft Visual Studio Solution File, Format Version 12.00
# Visual Studio Version 17
VisualStudioVersion = 17.5.002.0
MinimumVisualStudioVersion = 10.0.40219.1
Project("{9A19103F-16F7-4668-BE54-9A1E7A4F7556}") = "EFCoreApp", "EFCoreApp.csproj", "{A09254E8-4394-4908-BFA8-51D76DBA4517}"
EndProject
Global
	GlobalSection(SolutionConfigurationPlatforms) = preSolution
		Debug|Any CPU = Debug|Any CPU
		Release|Any CPU = Release|Any CPU
	EndGlobalSection
	GlobalSection(ProjectConfigurationPlatforms) = postSolution
		{A09254E8-4394-4908-BFA8-51D76DBA4517}.Debug|Any CPU.ActiveCfg = Debug|Any CPU
		{A09254E8-4394-4908-BFA8-51D76DBA4517}.Debug|Any CPU.Build.0 = Debug|Any CPU
		{A09254E8-4394-4908-BFA8-51D76DBA4517}.Release|Any CPU.ActiveCfg = Release|Any CPU
		{A09254E8-4394-4908-BFA8-51D76DBA4517}.Release|Any CPU.Build.0 = Release|Any CPU
	EndGlobalSection
	GlobalSection(SolutionProperties) = preSolution
		HideSolutionNode = FALSE
	EndGlobalSection
	GlobalSection(ExtensibilityGlobals) = postSolution
		SolutionGuid = {1C5C564E-5108-463B-914E-E53A031AE976}
	EndGlobalSection
EndGlobal
